
Microsoft Visual Studio Solution File, Format Version 12.00
# Visual Studio Version 16
VisualStudioVersion = 16.0.29123.88
MinimumVisualStudioVersion = 10.0.40219.1
Project("{FAE04EC0-301F-11D3-BF4B-00C04F79EFBC}") = "MM_Logo_Assigment", "MM_Logo_Assigment\MM_Logo_Assigment.csproj", "{9C5B95F7-BBD2-4A2C-AE2A-768527FCCC06}"
EndProject
Global
	GlobalSection(SolutionConfigurationPlatforms) = preSolution
		Debug|Any CPU = Debug|Any CPU
		Release|Any CPU = Release|Any CPU
	EndGlobalSection
	GlobalSection(ProjectConfigurationPlatforms) = postSolution
		{9C5B95F7-BBD2-4A2C-AE2A-768527FCCC06}.Debug|Any CPU.ActiveCfg = Debug|Any CPU
		{9C5B95F7-BBD2-4A2C-AE2A-768527FCCC06}.Debug|Any CPU.Build.0 = Debug|Any CPU
		{9C5B95F7-BBD2-4A2C-AE2A-768527FCCC06}.Release|Any CPU.ActiveCfg = Release|Any CPU
		{9C5B95F7-BBD2-4A2C-AE2A-768527FCCC06}.Release|Any CPU.Build.0 = Release|Any CPU
	EndGlobalSection
	GlobalSection(SolutionProperties) = preSolution
		HideSolutionNode = FALSE
	EndGlobalSection
	GlobalSection(ExtensibilityGlobals) = postSolution
		SolutionGuid = {6D568E35-EA9D-4717-B8D3-64E44D8361F3}
	EndGlobalSection
EndGlobal
